
Microsoft Visual Studio Solution File, Format Version 12.00
# Visual Studio Version 16
VisualStudioVersion = 16.0.29209.62
MinimumVisualStudioVersion = 10.0.40219.1
Project("{2150E333-8FDC-42A3-9474-1A3956D46DE8}") = "Services", "Services", "{D9E0FEA7-769F-4DF8-8937-A626231024B8}"
EndProject
Project("{2150E333-8FDC-42A3-9474-1A3956D46DE8}") = "WebApps", "WebApps", "{4D0340CC-3F95-4EE1-AC9F-A175FC99E58D}"
EndProject
Project("{2150E333-8FDC-42A3-9474-1A3956D46DE8}") = "Cadastros", "Cadastros", "{8656878A-B7EF-4238-81E7-850CA47D56AA}"
EndProject
Project("{2150E333-8FDC-42A3-9474-1A3956D46DE8}") = "Catalogo", "Catalogo", "{2FB335EB-14BC-4A8D-AE3A-FB7C92E8EE48}"
EndProject
Project("{2150E333-8FDC-42A3-9474-1A3956D46DE8}") = "Core", "Core", "{927A0A9A-16C9-4404-99F0-0369BD497714}"
EndProject
Project("{2150E333-8FDC-42A3-9474-1A3956D46DE8}") = "Fiscal", "Fiscal", "{63768858-C8F8-4299-A3BC-4E485EEC2592}"
EndProject
Project("{2150E333-8FDC-42A3-9474-1A3956D46DE8}") = "Pagamentos", "Pagamentos", "{0231C4E1-4BB8-4ED7-8AC2-1D4FCD348051}"
EndProject
Project("{2150E333-8FDC-42A3-9474-1A3956D46DE8}") = "Vendas", "Vendas", "{A31986F1-09B7-4625-9B9B-5F04DA3F78D0}"
EndProject
Project("{9A19103F-16F7-4668-BE54-9A1E7A4F7556}") = "NerdStore.Catalogo.Domain", "src\NerdStore.Catalogo.Domain\NerdStore.Catalogo.Domain.csproj", "{824C89F5-BDC9-434A-8BC2-F9CE39F3A821}"
EndProject
Project("{9A19103F-16F7-4668-BE54-9A1E7A4F7556}") = "NerdStore.Core", "src\NerdStore.Core\NerdStore.Core.csproj", "{480A9FC2-5DFA-4A72-A826-EFB507A1DDE1}"
EndProject
Project("{2150E333-8FDC-42A3-9474-1A3956D46DE8}") = "Tests", "Tests", "{70DD8B81-406A-4AD8-96AE-7D1181DC3CB5}"
EndProject
Project("{9A19103F-16F7-4668-BE54-9A1E7A4F7556}") = "NerdStore.Catalogo.Domain.Tests", "tests\NerdStore.Catalog.Domain.Tests\NerdStore.Catalogo.Domain.Tests.csproj", "{F8A01768-D7FE-4128-A1D3-192391D76A72}"
EndProject
Project("{9A19103F-16F7-4668-BE54-9A1E7A4F7556}") = "NerdStore.Catalogo.Data", "src\NerdStore.Catalogo.Data\NerdStore.Catalogo.Data.csproj", "{33C849F1-C897-443D-A1E4-4ADAE05CD384}"
EndProject
Project("{9A19103F-16F7-4668-BE54-9A1E7A4F7556}") = "NerdStore.Catalogo.Application", "src\NerdStore.Catalogo.Application\NerdStore.Catalogo.Application.csproj", "{64B544C1-91A1-4D79-8F82-A514198DB1F5}"
EndProject
Project("{9A19103F-16F7-4668-BE54-9A1E7A4F7556}") = "NerdStore.WebApp.MVC", "src\NerdStore.WebApp.MVC\NerdStore.WebApp.MVC.csproj", "{84DF7787-53A7-4480-A98A-E1840081164D}"
EndProject
Project("{9A19103F-16F7-4668-BE54-9A1E7A4F7556}") = "NerdStore.Vendas.Domain", "src\NerdStore.Vendas.Domain\NerdStore.Vendas.Domain.csproj", "{401BF49E-97B0-4B7F-A0F5-B730F6AD9592}"
EndProject
Project("{9A19103F-16F7-4668-BE54-9A1E7A4F7556}") = "NerdStore.Vendas.Application", "src\NerdStore.Vendas.Application\NerdStore.Vendas.Application.csproj", "{A3ED0A66-E1C6-467B-8092-4C2F92AF7DB3}"
EndProject
Project("{9A19103F-16F7-4668-BE54-9A1E7A4F7556}") = "NerdStore.Vendas.Data", "src\NerdStore.Vendas.Data\NerdStore.Vendas.Data.csproj", "{295238DA-307F-4740-811D-85C02746375C}"
EndProject
Project("{9A19103F-16F7-4668-BE54-9A1E7A4F7556}") = "NerdStore.Pagamentos.Data", "src\NerdStore.Pagamentos.Data\NerdStore.Pagamentos.Data.csproj", "{8980BE0D-B0C6-4A1E-BB5D-2D2CFCE4729B}"
EndProject
Project("{9A19103F-16F7-4668-BE54-9A1E7A4F7556}") = "NerdStore.Pagamentos.Business", "src\NerdStore.Pagamentos.Business\NerdStore.Pagamentos.Business.csproj", "{332D1118-15FB-44ED-8216-2C85E29E6FAC}"
EndProject
Project("{9A19103F-16F7-4668-BE54-9A1E7A4F7556}") = "NerdStore.Pagamentos.AntiCorruption", "src\NerdStore.Pagamentos.AntiCorruption\NerdStore.Pagamentos.AntiCorruption.csproj", "{FDB8D2FC-4781-452F-A85B-BC88F76F63C5}"
EndProject
Global
	GlobalSection(SolutionConfigurationPlatforms) = preSolution
		Debug|Any CPU = Debug|Any CPU
		Release|Any CPU = Release|Any CPU
	EndGlobalSection
	GlobalSection(ProjectConfigurationPlatforms) = postSolution
		{824C89F5-BDC9-434A-8BC2-F9CE39F3A821}.Debug|Any CPU.ActiveCfg = Debug|Any CPU
		{824C89F5-BDC9-434A-8BC2-F9CE39F3A821}.Debug|Any CPU.Build.0 = Debug|Any CPU
		{824C89F5-BDC9-434A-8BC2-F9CE39F3A821}.Release|Any CPU.ActiveCfg = Release|Any CPU
		{824C89F5-BDC9-434A-8BC2-F9CE39F3A821}.Release|Any CPU.Build.0 = Release|Any CPU
		{480A9FC2-5DFA-4A72-A826-EFB507A1DDE1}.Debug|Any CPU.ActiveCfg = Debug|Any CPU
		{480A9FC2-5DFA-4A72-A826-EFB507A1DDE1}.Debug|Any CPU.Build.0 = Debug|Any CPU
		{480A9FC2-5DFA-4A72-A826-EFB507A1DDE1}.Release|Any CPU.ActiveCfg = Release|Any CPU
		{480A9FC2-5DFA-4A72-A826-EFB507A1DDE1}.Release|Any CPU.Build.0 = Release|Any CPU
		{F8A01768-D7FE-4128-A1D3-192391D76A72}.Debug|Any CPU.ActiveCfg = Debug|Any CPU
		{F8A01768-D7FE-4128-A1D3-192391D76A72}.Debug|Any CPU.Build.0 = Debug|Any CPU
		{F8A01768-D7FE-4128-A1D3-192391D76A72}.Release|Any CPU.ActiveCfg = Release|Any CPU
		{F8A01768-D7FE-4128-A1D3-192391D76A72}.Release|Any CPU.Build.0 = Release|Any CPU
		{33C849F1-C897-443D-A1E4-4ADAE05CD384}.Debug|Any CPU.ActiveCfg = Debug|Any CPU
		{33C849F1-C897-443D-A1E4-4ADAE05CD384}.Debug|Any CPU.Build.0 = Debug|Any CPU
		{33C849F1-C897-443D-A1E4-4ADAE05CD384}.Release|Any CPU.ActiveCfg = Release|Any CPU
		{33C849F1-C897-443D-A1E4-4ADAE05CD384}.Release|Any CPU.Build.0 = Release|Any CPU
		{64B544C1-91A1-4D79-8F82-A514198DB1F5}.Debug|Any CPU.ActiveCfg = Debug|Any CPU
		{64B544C1-91A1-4D79-8F82-A514198DB1F5}.Debug|Any CPU.Build.0 = Debug|Any CPU
		{64B544C1-91A1-4D79-8F82-A514198DB1F5}.Release|Any CPU.ActiveCfg = Release|Any CPU
		{64B544C1-91A1-4D79-8F82-A514198DB1F5}.Release|Any CPU.Build.0 = Release|Any CPU
		{84DF7787-53A7-4480-A98A-E1840081164D}.Debug|Any CPU.ActiveCfg = Debug|Any CPU
		{84DF7787-53A7-4480-A98A-E1840081164D}.Debug|Any CPU.Build.0 = Debug|Any CPU
		{84DF7787-53A7-4480-A98A-E1840081164D}.Release|Any CPU.ActiveCfg = Release|Any CPU
		{84DF7787-53A7-4480-A98A-E1840081164D}.Release|Any CPU.Build.0 = Release|Any CPU
		{401BF49E-97B0-4B7F-A0F5-B730F6AD9592}.Debug|Any CPU.ActiveCfg = Debug|Any CPU
		{401BF49E-97B0-4B7F-A0F5-B730F6AD9592}.Debug|Any CPU.Build.0 = Debug|Any CPU
		{401BF49E-97B0-4B7F-A0F5-B730F6AD9592}.Release|Any CPU.ActiveCfg = Release|Any CPU
		{401BF49E-97B0-4B7F-A0F5-B730F6AD9592}.Release|Any CPU.Build.0 = Release|Any CPU
		{A3ED0A66-E1C6-467B-8092-4C2F92AF7DB3}.Debug|Any CPU.ActiveCfg = Debug|Any CPU
		{A3ED0A66-E1C6-467B-8092-4C2F92AF7DB3}.Debug|Any CPU.Build.0 = Debug|Any CPU
		{A3ED0A66-E1C6-467B-8092-4C2F92AF7DB3}.Release|Any CPU.ActiveCfg = Release|Any CPU
		{A3ED0A66-E1C6-467B-8092-4C2F92AF7DB3}.Release|Any CPU.Build.0 = Release|Any CPU
		{295238DA-307F-4740-811D-85C02746375C}.Debug|Any CPU.ActiveCfg = Debug|Any CPU
		{295238DA-307F-4740-811D-85C02746375C}.Debug|Any CPU.Build.0 = Debug|Any CPU
		{295238DA-307F-4740-811D-85C02746375C}.Release|Any CPU.ActiveCfg = Release|Any CPU
		{295238DA-307F-4740-811D-85C02746375C}.Release|Any CPU.Build.0 = Release|Any CPU
		{8980BE0D-B0C6-4A1E-BB5D-2D2CFCE4729B}.Debug|Any CPU.ActiveCfg = Debug|Any CPU
		{8980BE0D-B0C6-4A1E-BB5D-2D2CFCE4729B}.Debug|Any CPU.Build.0 = Debug|Any CPU
		{8980BE0D-B0C6-4A1E-BB5D-2D2CFCE4729B}.Release|Any CPU.ActiveCfg = Release|Any CPU
		{8980BE0D-B0C6-4A1E-BB5D-2D2CFCE4729B}.Release|Any CPU.Build.0 = Release|Any CPU
		{332D1118-15FB-44ED-8216-2C85E29E6FAC}.Debug|Any CPU.ActiveCfg = Debug|Any CPU
		{332D1118-15FB-44ED-8216-2C85E29E6FAC}.Debug|Any CPU.Build.0 = Debug|Any CPU
		{332D1118-15FB-44ED-8216-2C85E29E6FAC}.Release|Any CPU.ActiveCfg = Release|Any CPU
		{332D1118-15FB-44ED-8216-2C85E29E6FAC}.Release|Any CPU.Build.0 = Release|Any CPU
		{FDB8D2FC-4781-452F-A85B-BC88F76F63C5}.Debug|Any CPU.ActiveCfg = Debug|Any CPU
		{FDB8D2FC-4781-452F-A85B-BC88F76F63C5}.Debug|Any CPU.Build.0 = Debug|Any CPU
		{FDB8D2FC-4781-452F-A85B-BC88F76F63C5}.Release|Any CPU.ActiveCfg = Release|Any CPU
		{FDB8D2FC-4781-452F-A85B-BC88F76F63C5}.Release|Any CPU.Build.0 = Release|Any CPU
	EndGlobalSection
	GlobalSection(SolutionProperties) = preSolution
		HideSolutionNode = FALSE
	EndGlobalSection
	GlobalSection(NestedProjects) = preSolution
		{8656878A-B7EF-4238-81E7-850CA47D56AA} = {D9E0FEA7-769F-4DF8-8937-A626231024B8}
		{2FB335EB-14BC-4A8D-AE3A-FB7C92E8EE48} = {D9E0FEA7-769F-4DF8-8937-A626231024B8}
		{927A0A9A-16C9-4404-99F0-0369BD497714} = {D9E0FEA7-769F-4DF8-8937-A626231024B8}
		{63768858-C8F8-4299-A3BC-4E485EEC2592} = {D9E0FEA7-769F-4DF8-8937-A626231024B8}
		{0231C4E1-4BB8-4ED7-8AC2-1D4FCD348051} = {D9E0FEA7-769F-4DF8-8937-A626231024B8}
		{A31986F1-09B7-4625-9B9B-5F04DA3F78D0} = {D9E0FEA7-769F-4DF8-8937-A626231024B8}
		{824C89F5-BDC9-434A-8BC2-F9CE39F3A821} = {2FB335EB-14BC-4A8D-AE3A-FB7C92E8EE48}
		{480A9FC2-5DFA-4A72-A826-EFB507A1DDE1} = {927A0A9A-16C9-4404-99F0-0369BD497714}
		{70DD8B81-406A-4AD8-96AE-7D1181DC3CB5} = {2FB335EB-14BC-4A8D-AE3A-FB7C92E8EE48}
		{F8A01768-D7FE-4128-A1D3-192391D76A72} = {70DD8B81-406A-4AD8-96AE-7D1181DC3CB5}
		{33C849F1-C897-443D-A1E4-4ADAE05CD384} = {2FB335EB-14BC-4A8D-AE3A-FB7C92E8EE48}
		{64B544C1-91A1-4D79-8F82-A514198DB1F5} = {2FB335EB-14BC-4A8D-AE3A-FB7C92E8EE48}
		{84DF7787-53A7-4480-A98A-E1840081164D} = {4D0340CC-3F95-4EE1-AC9F-A175FC99E58D}
		{401BF49E-97B0-4B7F-A0F5-B730F6AD9592} = {A31986F1-09B7-4625-9B9B-5F04DA3F78D0}
		{A3ED0A66-E1C6-467B-8092-4C2F92AF7DB3} = {A31986F1-09B7-4625-9B9B-5F04DA3F78D0}
		{295238DA-307F-4740-811D-85C02746375C} = {A31986F1-09B7-4625-9B9B-5F04DA3F78D0}
		{8980BE0D-B0C6-4A1E-BB5D-2D2CFCE4729B} = {0231C4E1-4BB8-4ED7-8AC2-1D4FCD348051}
		{332D1118-15FB-44ED-8216-2C85E29E6FAC} = {0231C4E1-4BB8-4ED7-8AC2-1D4FCD348051}
		{FDB8D2FC-4781-452F-A85B-BC88F76F63C5} = {0231C4E1-4BB8-4ED7-8AC2-1D4FCD348051}
	EndGlobalSection
	GlobalSection(ExtensibilityGlobals) = postSolution
		SolutionGuid = {3B4BAB10-249D-42CA-B77A-F9E36C8FFC3C}
	EndGlobalSection
EndGlobal
